// !$*UTF8*$!
{
	archiveVersion = 1;
	classes = {
	};
	objectVersion = 46;
	objects = {

/* Begin PBXBuildFile section */
		180A84A31D56D9E800129DED /* AppDelegate.swift in Sources */ = {isa = PBXBuildFile; fileRef = 180A84A21D56D9E800129DED /* AppDelegate.swift */; };
		180A84A51D56D9E800129DED /* ViewController.swift in Sources */ = {isa = PBXBuildFile; fileRef = 180A84A41D56D9E800129DED /* ViewController.swift */; };
		180A84A81D56D9E800129DED /* Main.storyboard in Resources */ = {isa = PBXBuildFile; fileRef = 180A84A61D56D9E800129DED /* Main.storyboard */; };
		180A84AA1D56D9E800129DED /* Assets.xcassets in Resources */ = {isa = PBXBuildFile; fileRef = 180A84A91D56D9E800129DED /* Assets.xcassets */; };
		180A84AD1D56D9E800129DED /* LaunchScreen.storyboard in Resources */ = {isa = PBXBuildFile; fileRef = 180A84AB1D56D9E800129DED /* LaunchScreen.storyboard */; };
		180A84B81D56D9EA00129DED /* LabelAnimationTests.swift in Sources */ = {isa = PBXBuildFile; fileRef = 180A84B71D56D9EA00129DED /* LabelAnimationTests.swift */; };
		180A84C31D56D9EA00129DED /* LabelAnimationUITests.swift in Sources */ = {isa = PBXBuildFile; fileRef = 180A84C21D56D9EA00129DED /* LabelAnimationUITests.swift */; };
/* End PBXBuildFile section */

/* Begin PBXContainerItemProxy section */
		180A84B41D56D9EA00129DED /* PBXContainerItemProxy */ = {
			isa = PBXContainerItemProxy;
			containerPortal = 180A84971D56D9E800129DED /* Project object */;
			proxyType = 1;
			remoteGlobalIDString = 180A849E1D56D9E800129DED;
			remoteInfo = LabelAnimation;
		};
		180A84BF1D56D9EA00129DED /* PBXContainerItemProxy */ = {
			isa = PBXContainerItemProxy;
			containerPortal = 180A84971D56D9E800129DED /* Project object */;
			proxyType = 1;
			remoteGlobalIDString = 180A849E1D56D9E800129DED;
			remoteInfo = LabelAnimation;
		};
/* End PBXContainerItemProxy section */

/* Begin PBXFileReference section */
		180A849F1D56D9E800129DED /* LabelAnimation.app */ = {isa = PBXFileReference; explicitFileType = wrapper.application; includeInIndex = 0; path = LabelAnimation.app; sourceTree = BUILT_PRODUCTS_DIR; };
		180A84A21D56D9E800129DED /* AppDelegate.swift */ = {isa = PBXFileReference; lastKnownFileType = sourcecode.swift; path = AppDelegate.swift; sourceTree = "<group>"; };
		180A84A41D56D9E800129DED /* ViewController.swift */ = {isa = PBXFileReference; lastKnownFileType = sourcecode.swift; path = ViewController.swift; sourceTree = "<group>"; };
		180A84A71D56D9E800129DED /* Base */ = {isa = PBXFileReference; lastKnownFileType = file.storyboard; name = Base; path = Base.lproj/Main.storyboard; sourceTree = "<group>"; };
		180A84A91D56D9E800129DED /* Assets.xcassets */ = {isa = PBXFileReference; lastKnownFileType = folder.assetcatalog; path = Assets.xcassets; sourceTree = "<group>"; };
		180A84AC1D56D9E800129DED /* Base */ = {isa = PBXFileReference; lastKnownFileType = file.storyboard; name = Base; path = Base.lproj/LaunchScreen.storyboard; sourceTree = "<group>"; };
		180A84AE1D56D9E800129DED /* Info.plist */ = {isa = PBXFileReference; lastKnownFileType = text.plist.xml; path = Info.plist; sourceTree = "<group>"; };
		180A84B31D56D9EA00129DED /* LabelAnimationTests.xctest */ = {isa = PBXFileReference; explicitFileType = wrapper.cfbundle; includeInIndex = 0; path = LabelAnimationTests.xctest; sourceTree = BUILT_PRODUCTS_DIR; };
		180A84B71D56D9EA00129DED /* LabelAnimationTests.swift */ = {isa = PBXFileReference; lastKnownFileType = sourcecode.swift; path = LabelAnimationTests.swift; sourceTree = "<group>"; };
		180A84B91D56D9EA00129DED /* Info.plist */ = {isa = PBXFileReference; lastKnownFileType = text.plist.xml; path = Info.plist; sourceTree = "<group>"; };
		180A84BE1D56D9EA00129DED /* LabelAnimationUITests.xctest */ = {isa = PBXFileReference; explicitFileType = wrapper.cfbundle; includeInIndex = 0; path = LabelAnimationUITests.xctest; sourceTree = BUILT_PRODUCTS_DIR; };
		180A84C21D56D9EA00129DED /* LabelAnimationUITests.swift */ = {isa = PBXFileReference; lastKnownFileType = sourcecode.swift; path = LabelAnimationUITests.swift; sourceTree = "<group>"; };
		180A84C41D56D9EA00129DED /* Info.plist */ = {isa = PBXFileReference; lastKnownFileType = text.plist.xml; path = Info.plist; sourceTree = "<group>"; };
/* End PBXFileReference section */

/* Begin PBXFrameworksBuildPhase section */
		180A849C1D56D9E800129DED /* Frameworks */ = {
			isa = PBXFrameworksBuildPhase;
			buildActionMask = 2147483647;
			files = (
			);
			runOnlyForDeploymentPostprocessing = 0;
		};
		180A84B01D56D9EA00129DED /* Frameworks */ = {
			isa = PBXFrameworksBuildPhase;
			buildActionMask = 2147483647;
			files = (
			);
			runOnlyForDeploymentPostprocessing = 0;
		};
		180A84BB1D56D9EA00129DED /* Frameworks */ = {
			isa = PBXFrameworksBuildPhase;
			buildActionMask = 2147483647;
			files = (
			);
			runOnlyForDeploymentPostprocessing = 0;
		};
/* End PBXFrameworksBuildPhase section */

/* Begin PBXGroup section */
		180A84961D56D9E800129DED = {
			isa = PBXGroup;
			children = (
				180A84A11D56D9E800129DED /* LabelAnimation */,
				180A84B61D56D9EA00129DED /* LabelAnimationTests */,
				180A84C11D56D9EA00129DED /* LabelAnimationUITests */,
				180A84A01D56D9E800129DED /* Products */,
			);
			sourceTree = "<group>";
		};
		180A84A01D56D9E800129DED /* Products */ = {
			isa = PBXGroup;
			children = (
				180A849F1D56D9E800129DED /* LabelAnimation.app */,
				180A84B31D56D9EA00129DED /* LabelAnimationTests.xctest */,
				180A84BE1D56D9EA00129DED /* LabelAnimationUITests.xctest */,
			);
			name = Products;
			sourceTree = "<group>";
		};
		180A84A11D56D9E800129DED /* LabelAnimation */ = {
			isa = PBXGroup;
			children = (
				180A84A21D56D9E800129DED /* AppDelegate.swift */,
				180A84A41D56D9E800129DED /* ViewController.swift */,
				180A84A61D56D9E800129DED /* Main.storyboard */,
				180A84A91D56D9E800129DED /* Assets.xcassets */,
				180A84AB1D56D9E800129DED /* LaunchScreen.storyboard */,
				180A84AE1D56D9E800129DED /* Info.plist */,
			);
			path = LabelAnimation;
			sourceTree = "<group>";
		};
		180A84B61D56D9EA00129DED /* LabelAnimationTests */ = {
			isa = PBXGroup;
			children = (
				180A84B71D56D9EA00129DED /* LabelAnimationTests.swift */,
				180A84B91D56D9EA00129DED /* Info.plist */,
			);
			path = LabelAnimationTests;
			sourceTree = "<group>";
		};
		180A84C11D56D9EA00129DED /* LabelAnimationUITests */ = {
			isa = PBXGroup;
			children = (
				180A84C21D56D9EA00129DED /* LabelAnimationUITests.swift */,
				180A84C41D56D9EA00129DED /* Info.plist */,
			);
			path = LabelAnimationUITests;
			sourceTree = "<group>";
		};
/* End PBXGroup section */

/* Begin PBXNativeTarget section */
		180A849E1D56D9E800129DED /* LabelAnimation */ = {
			isa = PBXNativeTarget;
			buildConfigurationList = 180A84C71D56D9EA00129DED /* Build configuration list for PBXNativeTarget "LabelAnimation" */;
			buildPhases = (
				180A849B1D56D9E800129DED /* Sources */,
				180A849C1D56D9E800129DED /* Frameworks */,
				180A849D1D56D9E800129DED /* Resources */,
			);
			buildRules = (
			);
			dependencies = (
			);
			name = LabelAnimation;
			productName = LabelAnimation;
			productReference = 180A849F1D56D9E800129DED /* LabelAnimation.app */;
			productType = "com.apple.product-type.application";
		};
		180A84B21D56D9EA00129DED /* LabelAnimationTests */ = {
			isa = PBXNativeTarget;
			buildConfigurationList = 180A84CA1D56D9EA00129DED /* Build configuration list for PBXNativeTarget "LabelAnimationTests" */;
			buildPhases = (
				180A84AF1D56D9EA00129DED /* Sources */,
				180A84B01D56D9EA00129DED /* Frameworks */,
				180A84B11D56D9EA00129DED /* Resources */,
			);
			buildRules = (
			);
			dependencies = (
				180A84B51D56D9EA00129DED /* PBXTargetDependency */,
			);
			name = LabelAnimationTests;
			productName = LabelAnimationTests;
			productReference = 180A84B31D56D9EA00129DED /* LabelAnimationTests.xctest */;
			productType = "com.apple.product-type.bundle.unit-test";
		};
		180A84BD1D56D9EA00129DED /* LabelAnimationUITests */ = {
			isa = PBXNativeTarget;
			buildConfigurationList = 180A84CD1D56D9EA00129DED /* Build configuration list for PBXNativeTarget "LabelAnimationUITests" */;
			buildPhases = (
				180A84BA1D56D9EA00129DED /* Sources */,
				180A84BB1D56D9EA00129DED /* Frameworks */,
				180A84BC1D56D9EA00129DED /* Resources */,
			);
			buildRules = (
			);
			dependencies = (
				180A84C01D56D9EA00129DED /* PBXTargetDependency */,
			);
			name = LabelAnimationUITests;
			productName = LabelAnimationUITests;
			productReference = 180A84BE1D56D9EA00129DED /* LabelAnimationUITests.xctest */;
			productType = "com.apple.product-type.bundle.ui-testing";
		};
/* End PBXNativeTarget section */

/* Begin PBXProject section */
		180A84971D56D9E800129DED /* Project object */ = {
			isa = PBXProject;
			attributes = {
				LastSwiftUpdateCheck = 0730;
				LastUpgradeCheck = 0730;
				ORGANIZATIONNAME = KiraMelody;
				TargetAttributes = {
					180A849E1D56D9E800129DED = {
						CreatedOnToolsVersion = 7.3.1;
						DevelopmentTeam = 64VC6J8U2G;
					};
					180A84B21D56D9EA00129DED = {
						CreatedOnToolsVersion = 7.3.1;
						DevelopmentTeam = 64VC6J8U2G;
						TestTargetID = 180A849E1D56D9E800129DED;
					};
					180A84BD1D56D9EA00129DED = {
						CreatedOnToolsVersion = 7.3.1;
						DevelopmentTeam = 64VC6J8U2G;
						TestTargetID = 180A849E1D56D9E800129DED;
					};
				};
			};
			buildConfigurationList = 180A849A1D56D9E800129DED /* Build configuration list for PBXProject "LabelAnimation" */;
			compatibilityVersion = "Xcode 3.2";
			developmentRegion = English;
			hasScannedForEncodings = 0;
			knownRegions = (
				en,
				Base,
			);
			mainGroup = 180A84961D56D9E800129DED;
			productRefGroup = 180A84A01D56D9E800129DED /* Products */;
			projectDirPath = "";
			projectRoot = "";
			targets = (
				180A849E1D56D9E800129DED /* LabelAnimation */,
				180A84B21D56D9EA00129DED /* LabelAnimationTests */,
				180A84BD1D56D9EA00129DED /* LabelAnimationUITests */,
			);
		};
/* End PBXProject section */

/* Begin PBXResourcesBuildPhase section */
		180A849D1D56D9E800129DED /* Resources */ = {
			isa = PBXResourcesBuildPhase;
			buildActionMask = 2147483647;
			files = (
				180A84AD1D56D9E800129DED /* LaunchScreen.storyboard in Resources */,
				180A84AA1D56D9E800129DED /* Assets.xcassets in Resources */,
				180A84A81D56D9E800129DED /* Main.storyboard in Resources */,
			);
			runOnlyForDeploymentPostprocessing = 0;
		};
		180A84B11D56D9EA00129DED /* Resources */ = {
			isa = PBXResourcesBuildPhase;
			buildActionMask = 2147483647;
			files = (
			);
			runOnlyForDeploymentPostprocessing = 0;
		};
		180A84BC1D56D9EA00129DED /* Resources */ = {
			isa = PBXResourcesBuildPhase;
			buildActionMask = 2147483647;
			files = (
			);
			runOnlyForDeploymentPostprocessing = 0;
		};
/* End PBXResourcesBuildPhase section */

/* Begin PBXSourcesBuildPhase section */
		180A849B1D56D9E800129DED /* Sources */ = {
			isa = PBXSourcesBuildPhase;
			buildActionMask = 2147483647;
			files = (
				180A84A51D56D9E800129DED /* ViewController.swift in Sources */,
				180A84A31D56D9E800129DED /* AppDelegate.swift in Sources */,
			);
			runOnlyForDeploymentPostprocessing = 0;
		};
		180A84AF1D56D9EA00129DED /* Sources */ = {
			isa = PBXSourcesBuildPhase;
			buildActionMask = 2147483647;
			files = (
				180A84B81D56D9EA00129DED /* LabelAnimationTests.swift in Sources */,
			);
			runOnlyForDeploymentPostprocessing = 0;
		};
		180A84BA1D56D9EA00129DED /* Sources */ = {
			isa = PBXSourcesBuildPhase;
			buildActionMask = 2147483647;
			files = (
				180A84C31D56D9EA00129DED /* LabelAnimationUITests.swift in Sources */,
			);
			runOnlyForDeploymentPostprocessing = 0;
		};
/* End PBXSourcesBuildPhase section */

/* Begin PBXTargetDependency section */
		180A84B51D56D9EA00129DED /* PBXTargetDependency */ = {
			isa = PBXTargetDependency;
			target = 180A849E1D56D9E800129DED /* LabelAnimation */;
			targetProxy = 180A84B41D56D9EA00129DED /* PBXContainerItemProxy */;
		};
		180A84C01D56D9EA00129DED /* PBXTargetDependency */ = {
			isa = PBXTargetDependency;
			target = 180A849E1D56D9E800129DED /* LabelAnimation */;
			targetProxy = 180A84BF1D56D9EA00129DED /* PBXContainerItemProxy */;
		};
/* End PBXTargetDependency section */

/* Begin PBXVariantGroup section */
		180A84A61D56D9E800129DED /* Main.storyboard */ = {
			isa = PBXVariantGroup;
			children = (
				180A84A71D56D9E800129DED /* Base */,
			);
			name = Main.storyboard;
			sourceTree = "<group>";
		};
		180A84AB1D56D9E800129DED /* LaunchScreen.storyboard */ = {
			isa = PBXVariantGroup;
			children = (
				180A84AC1D56D9E800129DED /* Base */,
			);
			name = LaunchScreen.storyboard;
			sourceTree = "<group>";
		};
/* End PBXVariantGroup section */

/* Begin XCBuildConfiguration section */
		180A84C51D56D9EA00129DED /* Debug */ = {
			isa = XCBuildConfiguration;
			buildSettings = {
				ALWAYS_SEARCH_USER_PATHS = NO;
				CLANG_ANALYZER_NONNULL = YES;
				CLANG_CXX_LANGUAGE_STANDARD = "gnu++0x";
				CLANG_CXX_LIBRARY = "libc++";
				CLANG_ENABLE_MODULES = YES;
				CLANG_ENABLE_OBJC_ARC = YES;
				CLANG_WARN_BOOL_CONVERSION = YES;
				CLANG_WARN_CONSTANT_CONVERSION = YES;
				CLANG_WARN_DIRECT_OBJC_ISA_USAGE = YES_ERROR;
				CLANG_WARN_EMPTY_BODY = YES;
				CLANG_WARN_ENUM_CONVERSION = YES;
				CLANG_WARN_INT_CONVERSION = YES;
				CLANG_WARN_OBJC_ROOT_CLASS = YES_ERROR;
				CLANG_WARN_UNREACHABLE_CODE = YES;
				CLANG_WARN__DUPLICATE_METHOD_MATCH = YES;
				"CODE_SIGN_IDENTITY[sdk=iphoneos*]" = "iPhone Developer";
				COPY_PHASE_STRIP = NO;
				DEBUG_INFORMATION_FORMAT = dwarf;
				ENABLE_STRICT_OBJC_MSGSEND = YES;
				ENABLE_TESTABILITY = YES;
				GCC_C_LANGUAGE_STANDARD = gnu99;
				GCC_DYNAMIC_NO_PIC = NO;
				GCC_NO_COMMON_BLOCKS = YES;
				GCC_OPTIMIZATION_LEVEL = 0;
				GCC_PREPROCESSOR_DEFINITIONS = (
					"DEBUG=1",
					"$(inherited)",
				);
				GCC_WARN_64_TO_32_BIT_CONVERSION = YES;
				GCC_WARN_ABOUT_RETURN_TYPE = YES_ERROR;
				GCC_WARN_UNDECLARED_SELECTOR = YES;
				GCC_WARN_UNINITIALIZED_AUTOS = YES_AGGRESSIVE;
				GCC_WARN_UNUSED_FUNCTION = YES;
				GCC_WARN_UNUSED_VARIABLE = YES;
				IPHONEOS_DEPLOYMENT_TARGET = 9.3;
				MTL_ENABLE_DEBUG_INFO = YES;
				ONLY_ACTIVE_ARCH = YES;
				SDKROOT = iphoneos;
				SWIFT_OPTIMIZATION_LEVEL = "-Onone";
				TARGETED_DEVICE_FAMILY = "1,2";
			};
			name = Debug;
		};
		180A84C61D56D9EA00129DED /* Release */ = {
			isa = XCBuildConfiguration;
			buildSettings = {
				ALWAYS_SEARCH_USER_PATHS = NO;
				CLANG_ANALYZER_NONNULL = YES;
				CLANG_CXX_LANGUAGE_STANDARD = "gnu++0x";
				CLANG_CXX_LIBRARY = "libc++";
				CLANG_ENABLE_MODULES = YES;
				CLANG_ENABLE_OBJC_ARC = YES;
				CLANG_WARN_BOOL_CONVERSION = YES;
				CLANG_WARN_CONSTANT_CONVERSION = YES;
				CLANG_WARN_DIRECT_OBJC_ISA_USAGE = YES_ERROR;
				CLANG_WARN_EMPTY_BODY = YES;
				CLANG_WARN_ENUM_CONVERSION = YES;
				CLANG_WARN_INT_CONVERSION = YES;
				CLANG_WARN_OBJC_ROOT_CLASS = YES_ERROR;
				CLANG_WARN_UNREACHABLE_CODE = YES;
				CLANG_WARN__DUPLICATE_METHOD_MATCH = YES;
				"CODE_SIGN_IDENTITY[sdk=iphoneos*]" = "iPhone Developer";
				COPY_PHASE_STRIP = NO;
				DEBUG_INFORMATION_FORMAT = "dwarf-with-dsym";
				ENABLE_NS_ASSERTIONS = NO;
				ENABLE_STRICT_OBJC_MSGSEND = YES;
				GCC_C_LANGUAGE_STANDARD = gnu99;
				GCC_NO_COMMON_BLOCKS = YES;
				GCC_WARN_64_TO_32_BIT_CONVERSION = YES;
				GCC_WARN_ABOUT_RETURN_TYPE = YES_ERROR;
				GCC_WARN_UNDECLARED_SELECTOR = YES;
				GCC_WARN_UNINITIALIZED_AUTOS = YES_AGGRESSIVE;
				GCC_WARN_UNUSED_FUNCTION = YES;
				GCC_WARN_UNUSED_VARIABLE = YES;
				IPHONEOS_DEPLOYMENT_TARGET = 9.3;
				MTL_ENABLE_DEBUG_INFO = NO;
				SDKROOT = iphoneos;
				TARGETED_DEVICE_FAMILY = "1,2";
				VALIDATE_PRODUCT = YES;
			};
			name = Release;
		};
		180A84C81D56D9EA00129DED /* Debug */ = {
			isa = XCBuildConfiguration;
			buildSettings = {
				ASSETCATALOG_COMPILER_APPICON_NAME = AppIcon;
				INFOPLIST_FILE = LabelAnimation/Info.plist;
				LD_RUNPATH_SEARCH_PATHS = "$(inherited) @executable_path/Frameworks";
				PRODUCT_BUNDLE_IDENTIFIER = com.world.LabelAnimation;
				PRODUCT_NAME = "$(TARGET_NAME)";
			};
			name = Debug;
		};
		180A84C91D56D9EA00129DED /* Release */ = {
			isa = XCBuildConfiguration;
			buildSettings = {
				ASSETCATALOG_COMPILER_APPICON_NAME = AppIcon;
				INFOPLIST_FILE = LabelAnimation/Info.plist;
				LD_RUNPATH_SEARCH_PATHS = "$(inherited) @executable_path/Frameworks";
				PRODUCT_BUNDLE_IDENTIFIER = com.world.LabelAnimation;
				PRODUCT_NAME = "$(TARGET_NAME)";
			};
			name = Release;
		};
		180A84CB1D56D9EA00129DED /* Debug */ = {
			isa = XCBuildConfiguration;
			buildSettings = {
				BUNDLE_LOADER = "$(TEST_HOST)";
				INFOPLIST_FILE = LabelAnimationTests/Info.plist;
				LD_RUNPATH_SEARCH_PATHS = "$(inherited) @executable_path/Frameworks @loader_path/Frameworks";
				PRODUCT_BUNDLE_IDENTIFIER = com.world.LabelAnimationTests;
				PRODUCT_NAME = "$(TARGET_NAME)";
				TEST_HOST = "$(BUILT_PRODUCTS_DIR)/LabelAnimation.app/LabelAnimation";
			};
			name = Debug;
		};
		180A84CC1D56D9EA00129DED /* Release */ = {
			isa = XCBuildConfiguration;
			buildSettings = {
				BUNDLE_LOADER = "$(TEST_HOST)";
				INFOPLIST_FILE = LabelAnimationTests/Info.plist;
				LD_RUNPATH_SEARCH_PATHS = "$(inherited) @executable_path/Frameworks @loader_path/Frameworks";
				PRODUCT_BUNDLE_IDENTIFIER = com.world.LabelAnimationTests;
				PRODUCT_NAME = "$(TARGET_NAME)";
				TEST_HOST = "$(BUILT_PRODUCTS_DIR)/LabelAnimation.app/LabelAnimation";
			};
			name = Release;
		};
		180A84CE1D56D9EA00129DED /* Debug */ = {
			isa = XCBuildConfiguration;
			buildSettings = {
				INFOPLIST_FILE = LabelAnimationUITests/Info.plist;
				LD_RUNPATH_SEARCH_PATHS = "$(inherited) @executable_path/Frameworks @loader_path/Frameworks";
				PRODUCT_BUNDLE_IDENTIFIER = com.world.LabelAnimationUITests;
				PRODUCT_NAME = "$(TARGET_NAME)";
				TEST_TARGET_NAME = LabelAnimation;
			};
			name = Debug;
		};
		180A84CF1D56D9EA00129DED /* Release */ = {
			isa = XCBuildConfiguration;
			buildSettings = {
				INFOPLIST_FILE = LabelAnimationUITests/Info.plist;
				LD_RUNPATH_SEARCH_PATHS = "$(inherited) @executable_path/Frameworks @loader_path/Frameworks";
				PRODUCT_BUNDLE_IDENTIFIER = com.world.LabelAnimationUITests;
				PRODUCT_NAME = "$(TARGET_NAME)";
				TEST_TARGET_NAME = LabelAnimation;
			};
			name = Release;
		};
/* End XCBuildConfiguration section */

/* Begin XCConfigurationList section */
		180A849A1D56D9E800129DED /* Build configuration list for PBXProject "LabelAnimation" */ = {
			isa = XCConfigurationList;
			buildConfigurations = (
				180A84C51D56D9EA00129DED /* Debug */,
				180A84C61D56D9EA00129DED /* Release */,
			);
			defaultConfigurationIsVisible = 0;
			defaultConfigurationName = Release;
		};
		180A84C71D56D9EA00129DED /* Build configuration list for PBXNativeTarget "LabelAnimation" */ = {
			isa = XCConfigurationList;
			buildConfigurations = (
				180A84C81D56D9EA00129DED /* Debug */,
				180A84C91D56D9EA00129DED /* Release */,
			);
			defaultConfigurationIsVisible = 0;
		};
		180A84CA1D56D9EA00129DED /* Build configuration list for PBXNativeTarget "LabelAnimationTests" */ = {
			isa = XCConfigurationList;
			buildConfigurations = (
				180A84CB1D56D9EA00129DED /* Debug */,
				180A84CC1D56D9EA00129DED /* Release */,
			);
			defaultConfigurationIsVisible = 0;
		};
		180A84CD1D56D9EA00129DED /* Build configuration list for PBXNativeTarget "LabelAnimationUITests" */ = {
			isa = XCConfigurationList;
			buildConfigurations = (
				180A84CE1D56D9EA00129DED /* Debug */,
				180A84CF1D56D9EA00129DED /* Release */,
			);
			defaultConfigurationIsVisible = 0;
		};
/* End XCConfigurationList section */
	};
	rootObject = 180A84971D56D9E800129DED /* Project object */;
}
